
Microsoft Visual Studio Solution File, Format Version 12.00
# Visual Studio Version 16
VisualStudioVersion = 16.0.29215.179
MinimumVisualStudioVersion = 10.0.40219.1
Project("{FAE04EC0-301F-11D3-BF4B-00C04F79EFBC}") = "Fair", "Fair\Fair.csproj", "{58FBBB2C-BA43-4E6C-9512-432DEE8CD7DA}"
EndProject
Project("{2150E333-8FDC-42A3-9474-1A3956D46DE8}") = "Solution Items", "Solution Items", "{A96F73DE-2ED2-4052-84CC-1E7FFC2E9765}"
	ProjectSection(SolutionItems) = preProject
		.editorconfig = .editorconfig
		README.md = README.md
	EndProjectSection
EndProject
Global
	GlobalSection(SolutionConfigurationPlatforms) = preSolution
		Debug|Any CPU = Debug|Any CPU
		Release|Any CPU = Release|Any CPU
	EndGlobalSection
	GlobalSection(ProjectConfigurationPlatforms) = postSolution
		{58FBBB2C-BA43-4E6C-9512-432DEE8CD7DA}.Debug|Any CPU.ActiveCfg = Debug|Any CPU
		{58FBBB2C-BA43-4E6C-9512-432DEE8CD7DA}.Debug|Any CPU.Build.0 = Debug|Any CPU
		{58FBBB2C-BA43-4E6C-9512-432DEE8CD7DA}.Release|Any CPU.ActiveCfg = Release|Any CPU
		{58FBBB2C-BA43-4E6C-9512-432DEE8CD7DA}.Release|Any CPU.Build.0 = Release|Any CPU
	EndGlobalSection
	GlobalSection(SolutionProperties) = preSolution
		HideSolutionNode = FALSE
	EndGlobalSection
	GlobalSection(ExtensibilityGlobals) = postSolution
		SolutionGuid = {A1F4282F-BC3C-4B93-9CE8-C74D9DD1D81F}
	EndGlobalSection
EndGlobal
